
Microsoft Visual Studio Solution File, Format Version 12.00
# Visual Studio Version 17
VisualStudioVersion = 17.9.34723.18
MinimumVisualStudioVersion = 10.0.40219.1
Project("{FAE04EC0-301F-11D3-BF4B-00C04F79EFBC}") = "TripleA.Api", "TripleA.Api\TripleA.Api.csproj", "{DEA61AA2-37B6-465A-84BE-4A8C7C421344}"
EndProject
Project("{FAE04EC0-301F-11D3-BF4B-00C04F79EFBC}") = "TripleA.Data", "TripleA.Data\TripleA.Data.csproj", "{243EC89A-B7D2-48D8-93DB-DD4688F43687}"
EndProject
Project("{FAE04EC0-301F-11D3-BF4B-00C04F79EFBC}") = "TripleA.Infrustructure", "TripleA.Infrustructure\TripleA.Infrustructure.csproj", "{A3A6FAE1-CBD1-485D-8E24-646D2D72A3DC}"
EndProject
Project("{FAE04EC0-301F-11D3-BF4B-00C04F79EFBC}") = "TripleA.Service", "TripleA.Service\TripleA.Service.csproj", "{A6E04125-A662-4FE9-87AB-CA7FC67AE355}"
EndProject
Project("{FAE04EC0-301F-11D3-BF4B-00C04F79EFBC}") = "TripleA.Core", "TripleA.Core\TripleA.Core.csproj", "{5B5DB5E4-3C98-477D-9F27-49E5FD4AB6AB}"
EndProject
Global
	GlobalSection(SolutionConfigurationPlatforms) = preSolution
		Debug|Any CPU = Debug|Any CPU
		Release|Any CPU = Release|Any CPU
	EndGlobalSection
	GlobalSection(ProjectConfigurationPlatforms) = postSolution
		{DEA61AA2-37B6-465A-84BE-4A8C7C421344}.Debug|Any CPU.ActiveCfg = Debug|Any CPU
		{DEA61AA2-37B6-465A-84BE-4A8C7C421344}.Debug|Any CPU.Build.0 = Debug|Any CPU
		{DEA61AA2-37B6-465A-84BE-4A8C7C421344}.Release|Any CPU.ActiveCfg = Release|Any CPU
		{DEA61AA2-37B6-465A-84BE-4A8C7C421344}.Release|Any CPU.Build.0 = Release|Any CPU
		{243EC89A-B7D2-48D8-93DB-DD4688F43687}.Debug|Any CPU.ActiveCfg = Debug|Any CPU
		{243EC89A-B7D2-48D8-93DB-DD4688F43687}.Debug|Any CPU.Build.0 = Debug|Any CPU
		{243EC89A-B7D2-48D8-93DB-DD4688F43687}.Release|Any CPU.ActiveCfg = Release|Any CPU
		{243EC89A-B7D2-48D8-93DB-DD4688F43687}.Release|Any CPU.Build.0 = Release|Any CPU
		{A3A6FAE1-CBD1-485D-8E24-646D2D72A3DC}.Debug|Any CPU.ActiveCfg = Debug|Any CPU
		{A3A6FAE1-CBD1-485D-8E24-646D2D72A3DC}.Debug|Any CPU.Build.0 = Debug|Any CPU
		{A3A6FAE1-CBD1-485D-8E24-646D2D72A3DC}.Release|Any CPU.ActiveCfg = Release|Any CPU
		{A3A6FAE1-CBD1-485D-8E24-646D2D72A3DC}.Release|Any CPU.Build.0 = Release|Any CPU
		{A6E04125-A662-4FE9-87AB-CA7FC67AE355}.Debug|Any CPU.ActiveCfg = Debug|Any CPU
		{A6E04125-A662-4FE9-87AB-CA7FC67AE355}.Debug|Any CPU.Build.0 = Debug|Any CPU
		{A6E04125-A662-4FE9-87AB-CA7FC67AE355}.Release|Any CPU.ActiveCfg = Release|Any CPU
		{A6E04125-A662-4FE9-87AB-CA7FC67AE355}.Release|Any CPU.Build.0 = Release|Any CPU
		{5B5DB5E4-3C98-477D-9F27-49E5FD4AB6AB}.Debug|Any CPU.ActiveCfg = Debug|Any CPU
		{5B5DB5E4-3C98-477D-9F27-49E5FD4AB6AB}.Debug|Any CPU.Build.0 = Debug|Any CPU
		{5B5DB5E4-3C98-477D-9F27-49E5FD4AB6AB}.Release|Any CPU.ActiveCfg = Release|Any CPU
		{5B5DB5E4-3C98-477D-9F27-49E5FD4AB6AB}.Release|Any CPU.Build.0 = Release|Any CPU
	EndGlobalSection
	GlobalSection(SolutionProperties) = preSolution
		HideSolutionNode = FALSE
	EndGlobalSection
	GlobalSection(ExtensibilityGlobals) = postSolution
		SolutionGuid = {370E1C6B-0218-48E4-AA68-06D239678FCF}
	EndGlobalSection
EndGlobal
